{
  "requires": true,
  "lockfileVersion": 1,
  "dependencies": {
    "hackernews-api": {
      "version": "1.0.0",
      "resolved": "https://registry.npmjs.org/hackernews-api/-/hackernews-api-1.0.0.tgz",
      "integrity": "sha1-52+s5wQOuZzdxAPsKFFaBaEdjPE=",
      "requires": {
        "xmlhttprequest": "1.8.0"
      }
    },
    "xmlhttprequest": {
      "version": "1.8.0",
      "resolved": "https://registry.npmjs.org/xmlhttprequest/-/xmlhttprequest-1.8.0.tgz",
      "integrity": "sha1-Z/4HXFwk/vOfnWX197f+dRcZaPw="
    }
  }
}
